# This file is automatically @generated by Cargo.
# It is not intended for manual editing.
version = 4

[[package]]
name = "afl"
version = "0.17.0"
source = "registry+https://github.com/rust-lang/crates.io-index"
checksum = "2027b09e36bf321ace7af43a23df3d46dae645b855be337b0b6582c79ad53769"
dependencies = [
 "home",
 "libc",
 "rustc_version",
 "xdg",
]

[[package]]
name = "aho-corasick"
version = "1.1.4"
source = "registry+https://github.com/rust-lang/crates.io-index"
checksum = "ddd31a130427c27518df266943a5308ed92d4b226cc639f5a8f1002816174301"
dependencies = [
 "memchr",
]

[[package]]
name = "anstream"
version = "1.0.0"
source = "registry+https://github.com/rust-lang/crates.io-index"
checksum = "824a212faf96e9acacdbd09febd34438f8f711fb84e09a8916013cd7815ca28d"
dependencies = [
 "anstyle",
 "anstyle-parse",
 "anstyle-query",
 "anstyle-wincon",
 "colorchoice",
 "is_terminal_polyfill",
 "utf8parse",
]

[[package]]
name = "anstyle"
version = "1.0.14"
source = "registry+https://github.com/rust-lang/crates.io-index"
checksum = "940b3a0ca603d1eade50a4846a2afffd5ef57a9feac2c0e2ec2e14f9ead76000"

[[package]]
name = "anstyle-parse"
version = "1.0.0"
source = "registry+https://github.com/rust-lang/crates.io-index"
checksum = "52ce7f38b242319f7cabaa6813055467063ecdc9d355bbb4ce0c68908cd8130e"
dependencies = [
 "utf8parse",
]

[[package]]
name = "anstyle-query"
version = "1.1.5"
source = "registry+https://github.com/rust-lang/crates.io-index"
checksum = "40c48f72fd53cd289104fc64099abca73db4166ad86ea0b4341abe65af83dadc"
dependencies = [
 "windows-sys",
]

[[package]]
name = "anstyle-wincon"
version = "3.0.11"
source = "registry+https://github.com/rust-lang/crates.io-index"
checksum = "291e6a250ff86cd4a820112fb8898808a366d8f9f58ce16d1f538353ad55747d"
dependencies = [
 "anstyle",
 "once_cell_polyfill",
 "windows-sys",
]

[[package]]
name = "autocfg"
version = "1.1.0"
source = "registry+https://github.com/rust-lang/crates.io-index"
checksum = "d468802bab17cbc0cc575e9b053f41e72aa36bfa6b7f55e3529ffa43161b97fa"

[[package]]
name = "bitflags"
version = "1.3.2"
source = "registry+https://github.com/rust-lang/crates.io-index"
checksum = "bef38d45163c2f1dde094a7dfd33ccf595c92905c8f8f4fdc18d06fb1037718a"

[[package]]
name = "cfg-if"
version = "1.0.0"
source = "registry+https://github.com/rust-lang/crates.io-index"
checksum = "baf1de4339761588bc0619e3cbc0120ee582ebb74b53b4efbf79117bd2da40fd"

[[package]]
name = "colorchoice"
version = "1.0.5"
source = "registry+https://github.com/rust-lang/crates.io-index"
checksum = "1d07550c9036bf2ae0c684c4297d503f838287c83c53686d05370d0e139ae570"

[[package]]
name = "defmt"
version = "1.1.0"
source = "registry+https://github.com/rust-lang/crates.io-index"
checksum = "a6e524506490a1953d237cb87b1cfc1e46f88c18f10a22dfe0f507dc6bfc7f7f"
dependencies = [
 "bitflags",
 "defmt-macros",
]

[[package]]
name = "defmt-macros"
version = "1.1.0"
source = "registry+https://github.com/rust-lang/crates.io-index"
checksum = "f0a27770e9c8f719a79d8b638281f4d828f77d8fd61e0bd94451b9b85e576a0b"
dependencies = [
 "defmt-parser",
 "proc-macro-error2",
 "proc-macro2",
 "quote",
 "syn 2.0.118",
]

[[package]]
name = "defmt-parser"
version = "1.0.0"
source = "registry+https://github.com/rust-lang/crates.io-index"
checksum = "10d60334b3b2e7c9d91ef8150abfb6fa4c1c39ebbcf4a81c2e346aad939fee3e"
dependencies = [
 "thiserror",
]

[[package]]
name = "env_filter"
version = "2.0.0"
source = "registry+https://github.com/rust-lang/crates.io-index"
checksum = "900d271a03799a1ee8d1ca9b19893b48ca674a9284fefcfb85f05e74ed314217"
dependencies = [
 "log",
 "regex",
]

[[package]]
name = "env_logger"
version = "0.11.11"
source = "registry+https://github.com/rust-lang/crates.io-index"
checksum = "de671bd27a75a797dc9ae289ba1e77276e75e2026408aab65185384e2d5cd3f6"
dependencies = [
 "anstream",
 "anstyle",
 "env_filter",
 "jiff",
 "log",
]

[[package]]
name = "futf"
version = "0.1.5"
source = "registry+https://github.com/rust-lang/crates.io-index"
checksum = "df420e2e84819663797d1ec6544b13c5be84629e7bb00dc960d6917db2987843"
dependencies = [
 "mac",
 "new_debug_unreachable",
]

[[package]]
name = "getrandom"
version = "0.2.12"
source = "registry+https://github.com/rust-lang/crates.io-index"
checksum = "190092ea657667030ac6a35e305e62fc4dd69fd98ac98631e5d3a2b1575a12b5"
dependencies = [
 "cfg-if",
 "libc",
 "wasi",
]

[[package]]
name = "home"
version = "0.5.12"
source = "registry+https://github.com/rust-lang/crates.io-index"
checksum = "cc627f471c528ff0c4a49e1d5e60450c8f6461dd6d10ba9dcd3a61d3dff7728d"
dependencies = [
 "windows-sys",
]

[[package]]
name = "html5ever"
version = "0.26.0"
source = "registry+https://github.com/rust-lang/crates.io-index"
checksum = "bea68cab48b8459f17cf1c944c67ddc572d272d9f2b274140f223ecb1da4a3b7"
dependencies = [
 "log",
 "mac",
 "markup5ever",
 "proc-macro2",
 "quote",
 "syn 1.0.109",
]

[[package]]
name = "is_terminal_polyfill"
version = "1.70.2"
source = "registry+https://github.com/rust-lang/crates.io-index"
checksum = "a6cb138bb79a146c1bd460005623e142ef0181e3d0219cb493e02f7d08a35695"

[[package]]
name = "jiff"
version = "0.2.31"
source = "registry+https://github.com/rust-lang/crates.io-index"
checksum = "ccfe6121cbe750cf81efa362d85c0bde7ea298ec43092d3a193baca59cdbd634"
dependencies = [
 "defmt",
 "jiff-static",
 "log",
 "portable-atomic",
 "portable-atomic-util",
 "serde_core",
]

[[package]]
name = "jiff-static"
version = "0.2.31"
source = "registry+https://github.com/rust-lang/crates.io-index"
checksum = "e165e897f662d428f3cd3828a919dbe067c2d42bb1031eede74ef9d27ecdedd2"
dependencies = [
 "proc-macro2",
 "quote",
 "syn 2.0.118",
]

[[package]]
name = "jotdown"
version = "0.10.0"
dependencies = [
 "log",
]

[[package]]
name = "jotdown-afl"
version = "0.1.0"
dependencies = [
 "afl",
 "env_logger",
 "html5ever",
 "jotdown",
]

[[package]]
name = "libc"
version = "0.2.153"
source = "registry+https://github.com/rust-lang/crates.io-index"
checksum = "9c198f91728a82281a64e1f4f9eeb25d82cb32a5de251c6bd1b5154d63a8e7bd"

[[package]]
name = "lock_api"
version = "0.4.11"
source = "registry+https://github.com/rust-lang/crates.io-index"
checksum = "3c168f8615b12bc01f9c17e2eb0cc07dcae1940121185446edc3744920e8ef45"
dependencies = [
 "autocfg",
 "scopeguard",
]

[[package]]
name = "log"
version = "0.4.33"
source = "registry+https://github.com/rust-lang/crates.io-index"
checksum = "0ceec5bc11778974d1bcb055b18002eba7f4b3518b6a0081b3af5f21666da9ad"

[[package]]
name = "mac"
version = "0.1.1"
source = "registry+https://github.com/rust-lang/crates.io-index"
checksum = "c41e0c4fef86961ac6d6f8a82609f55f31b05e4fce149ac5710e439df7619ba4"

[[package]]
name = "markup5ever"
version = "0.11.0"
source = "registry+https://github.com/rust-lang/crates.io-index"
checksum = "7a2629bb1404f3d34c2e921f21fd34ba00b206124c81f65c50b43b6aaefeb016"
dependencies = [
 "log",
 "phf",
 "phf_codegen",
 "string_cache",
 "string_cache_codegen",
 "tendril",
]

[[package]]
name = "memchr"
version = "2.8.2"
source = "registry+https://github.com/rust-lang/crates.io-index"
checksum = "88904434abc2901f197fe8cc55f0445e7ded921dba5911dad2e2b39b48e663c4"

[[package]]
name = "new_debug_unreachable"
version = "1.0.6"
source = "registry+https://github.com/rust-lang/crates.io-index"
checksum = "650eef8c711430f1a879fdd01d4745a7deea475becfb90269c06775983bbf086"

[[package]]
name = "once_cell"
version = "1.19.0"
source = "registry+https://github.com/rust-lang/crates.io-index"
checksum = "3fdb12b2476b595f9358c5161aa467c2438859caa136dec86c26fdd2efe17b92"

[[package]]
name = "once_cell_polyfill"
version = "1.70.2"
source = "registry+https://github.com/rust-lang/crates.io-index"
checksum = "384b8ab6d37215f3c5301a95a4accb5d64aa607f1fcb26a11b5303878451b4fe"

[[package]]
name = "parking_lot"
version = "0.12.1"
source = "registry+https://github.com/rust-lang/crates.io-index"
checksum = "3742b2c103b9f06bc9fff0a37ff4912935851bee6d36f3c02bcc755bcfec228f"
dependencies = [
 "lock_api",
 "parking_lot_core",
]

[[package]]
name = "parking_lot_core"
version = "0.9.9"
source = "registry+https://github.com/rust-lang/crates.io-index"
checksum = "4c42a9226546d68acdd9c0a280d17ce19bfe27a46bf68784e4066115788d008e"
dependencies = [
 "cfg-if",
 "libc",
 "redox_syscall",
 "smallvec",
 "windows-targets",
]

[[package]]
name = "phf"
version = "0.10.1"
source = "registry+https://github.com/rust-lang/crates.io-index"
checksum = "fabbf1ead8a5bcbc20f5f8b939ee3f5b0f6f281b6ad3468b84656b658b455259"
dependencies = [
 "phf_shared",
]

[[package]]
name = "phf_codegen"
version = "0.10.0"
source = "registry+https://github.com/rust-lang/crates.io-index"
checksum = "4fb1c3a8bc4dd4e5cfce29b44ffc14bedd2ee294559a294e2a4d4c9e9a6a13cd"
dependencies = [
 "phf_generator",
 "phf_shared",
]

[[package]]
name = "phf_generator"
version = "0.10.0"
source = "registry+https://github.com/rust-lang/crates.io-index"
checksum = "5d5285893bb5eb82e6aaf5d59ee909a06a16737a8970984dd7746ba9283498d6"
dependencies = [
 "phf_shared",
 "rand",
]

[[package]]
name = "phf_shared"
version = "0.10.0"
source = "registry+https://github.com/rust-lang/crates.io-index"
checksum = "b6796ad771acdc0123d2a88dc428b5e38ef24456743ddb1744ed628f9815c096"
dependencies = [
 "siphasher",
]

[[package]]
name = "portable-atomic"
version = "1.13.1"
source = "registry+https://github.com/rust-lang/crates.io-index"
checksum = "c33a9471896f1c69cecef8d20cbe2f7accd12527ce60845ff44c153bb2a21b49"

[[package]]
name = "portable-atomic-util"
version = "0.2.7"
source = "registry+https://github.com/rust-lang/crates.io-index"
checksum = "c2a106d1259c23fac8e543272398ae0e3c0b8d33c88ed73d0cc71b0f1d902618"
dependencies = [
 "portable-atomic",
]

[[package]]
name = "ppv-lite86"
version = "0.2.17"
source = "registry+https://github.com/rust-lang/crates.io-index"
checksum = "5b40af805b3121feab8a3c29f04d8ad262fa8e0561883e7653e024ae4479e6de"

[[package]]
name = "precomputed-hash"
version = "0.1.1"
source = "registry+https://github.com/rust-lang/crates.io-index"
checksum = "925383efa346730478fb4838dbe9137d2a47675ad789c546d150a6e1dd4ab31c"

[[package]]
name = "proc-macro-error-attr2"
version = "2.0.0"
source = "registry+https://github.com/rust-lang/crates.io-index"
checksum = "96de42df36bb9bba5542fe9f1a054b8cc87e172759a1868aa05c1f3acc89dfc5"
dependencies = [
 "proc-macro2",
 "quote",
]

[[package]]
name = "proc-macro-error2"
version = "2.0.1"
source = "registry+https://github.com/rust-lang/crates.io-index"
checksum = "11ec05c52be0a07b08061f7dd003e7d7092e0472bc731b4af7bb1ef876109802"
dependencies = [
 "proc-macro-error-attr2",
 "proc-macro2",
 "quote",
 "syn 2.0.118",
]

[[package]]
name = "proc-macro2"
version = "1.0.106"
source = "registry+https://github.com/rust-lang/crates.io-index"
checksum = "8fd00f0bb2e90d81d1044c2b32617f68fcb9fa3bb7640c23e9c748e53fb30934"
dependencies = [
 "unicode-ident",
]

[[package]]
name = "quote"
version = "1.0.46"
source = "registry+https://github.com/rust-lang/crates.io-index"
checksum = "dfbc457d0c7a0759a614551b11a6409e5951f6c7537be1f1b7682b9ae9230368"
dependencies = [
 "proc-macro2",
]

[[package]]
name = "rand"
version = "0.8.5"
source = "registry+https://github.com/rust-lang/crates.io-index"
checksum = "34af8d1a0e25924bc5b7c43c079c942339d8f0a8b57c39049bef581b46327404"
dependencies = [
 "libc",
 "rand_chacha",
 "rand_core",
]

[[package]]
name = "rand_chacha"
version = "0.3.1"
source = "registry+https://github.com/rust-lang/crates.io-index"
checksum = "e6c10a63a0fa32252be49d21e7709d4d4baf8d231c2dbce1eaa8141b9b127d88"
dependencies = [
 "ppv-lite86",
 "rand_core",
]

[[package]]
name = "rand_core"
version = "0.6.4"
source = "registry+https://github.com/rust-lang/crates.io-index"
checksum = "ec0be4795e2f6a28069bec0b5ff3e2ac9bafc99e6a9a7dc3547996c5c816922c"
dependencies = [
 "getrandom",
]

[[package]]
name = "redox_syscall"
version = "0.4.1"
source = "registry+https://github.com/rust-lang/crates.io-index"
checksum = "4722d768eff46b75989dd134e5c353f0d6296e5aaa3132e776cbdb56be7731aa"
dependencies = [
 "bitflags",
]

[[package]]
name = "regex"
version = "1.12.4"
source = "registry+https://github.com/rust-lang/crates.io-index"
checksum = "f1292b7759ae1cb9ec195452d1390a074f0cd8541ab7a5a8c31cd6db45d4a6ba"
dependencies = [
 "aho-corasick",
 "memchr",
 "regex-automata",
 "regex-syntax",
]

[[package]]
name = "regex-automata"
version = "0.4.14"
source = "registry+https://github.com/rust-lang/crates.io-index"
checksum = "6e1dd4122fc1595e8162618945476892eefca7b88c52820e74af6262213cae8f"
dependencies = [
 "aho-corasick",
 "memchr",
 "regex-syntax",
]

[[package]]
name = "regex-syntax"
version = "0.8.11"
source = "registry+https://github.com/rust-lang/crates.io-index"
checksum = "d6f6ff9a378485b298a5286656da665ba74413d36db0979633275d2e708145d4"

[[package]]
name = "rustc_version"
version = "0.4.0"
source = "registry+https://github.com/rust-lang/crates.io-index"
checksum = "bfa0f585226d2e68097d4f95d113b15b83a82e819ab25717ec0590d9584ef366"
dependencies = [
 "semver",
]

[[package]]
name = "scopeguard"
version = "1.2.0"
source = "registry+https://github.com/rust-lang/crates.io-index"
checksum = "94143f37725109f92c262ed2cf5e59bce7498c01bcc1502d7b9afe439a4e9f49"

[[package]]
name = "semver"
version = "1.0.22"
source = "registry+https://github.com/rust-lang/crates.io-index"
checksum = "92d43fe69e652f3df9bdc2b85b2854a0825b86e4fb76bc44d945137d053639ca"

[[package]]
name = "serde"
version = "1.0.228"
source = "registry+https://github.com/rust-lang/crates.io-index"
checksum = "9a8e94ea7f378bd32cbbd37198a4a91436180c5bb472411e48b5ec2e2124ae9e"
dependencies = [
 "serde_core",
]

[[package]]
name = "serde_core"
version = "1.0.228"
source = "registry+https://github.com/rust-lang/crates.io-index"
checksum = "41d385c7d4ca58e59fc732af25c3983b67ac852c1a25000afe1175de458b67ad"
dependencies = [
 "serde_derive",
]

[[package]]
name = "serde_derive"
version = "1.0.228"
source = "registry+https://github.com/rust-lang/crates.io-index"
checksum = "d540f220d3187173da220f885ab66608367b6574e925011a9353e4badda91d79"
dependencies = [
 "proc-macro2",
 "quote",
 "syn 2.0.118",
]

[[package]]
name = "siphasher"
version = "0.3.11"
source = "registry+https://github.com/rust-lang/crates.io-index"
checksum = "38b58827f4464d87d377d175e90bf58eb00fd8716ff0a62f80356b5e61555d0d"

[[package]]
name = "smallvec"
version = "1.13.1"
source = "registry+https://github.com/rust-lang/crates.io-index"
checksum = "e6ecd384b10a64542d77071bd64bd7b231f4ed5940fba55e98c3de13824cf3d7"

[[package]]
name = "string_cache"
version = "0.8.7"
source = "registry+https://github.com/rust-lang/crates.io-index"
checksum = "f91138e76242f575eb1d3b38b4f1362f10d3a43f47d182a5b359af488a02293b"
dependencies = [
 "new_debug_unreachable",
 "once_cell",
 "parking_lot",
 "phf_shared",
 "precomputed-hash",
 "serde",
]

[[package]]
name = "string_cache_codegen"
version = "0.5.2"
source = "registry+https://github.com/rust-lang/crates.io-index"
checksum = "6bb30289b722be4ff74a408c3cc27edeaad656e06cb1fe8fa9231fa59c728988"
dependencies = [
 "phf_generator",
 "phf_shared",
 "proc-macro2",
 "quote",
]

[[package]]
name = "syn"
version = "1.0.109"
source = "registry+https://github.com/rust-lang/crates.io-index"
checksum = "72b64191b275b66ffe2469e8af2c1cfe3bafa67b529ead792a6d0160888b4237"
dependencies = [
 "proc-macro2",
 "quote",
 "unicode-ident",
]

[[package]]
name = "syn"
version = "2.0.118"
source = "registry+https://github.com/rust-lang/crates.io-index"
checksum = "1b9ae57f904213ebb649ce6895b8a66c66f0203b9319718f69a5612a065b1422"
dependencies = [
 "proc-macro2",
 "quote",
 "unicode-ident",
]

[[package]]
name = "tendril"
version = "0.4.3"
source = "registry+https://github.com/rust-lang/crates.io-index"
checksum = "d24a120c5fc464a3458240ee02c299ebcb9d67b5249c8848b09d639dca8d7bb0"
dependencies = [
 "futf",
 "mac",
 "utf-8",
]

[[package]]
name = "thiserror"
version = "2.0.18"
source = "registry+https://github.com/rust-lang/crates.io-index"
checksum = "4288b5bcbc7920c07a1149a35cf9590a2aa808e0bc1eafaade0b80947865fbc4"
dependencies = [
 "thiserror-impl",
]

[[package]]
name = "thiserror-impl"
version = "2.0.18"
source = "registry+https://github.com/rust-lang/crates.io-index"
checksum = "ebc4ee7f67670e9b64d05fa4253e753e016c6c95ff35b89b7941d6b856dec1d5"
dependencies = [
 "proc-macro2",
 "quote",
 "syn 2.0.118",
]

[[package]]
name = "unicode-ident"
version = "1.0.12"
source = "registry+https://github.com/rust-lang/crates.io-index"
checksum = "3354b9ac3fae1ff6755cb6db53683adb661634f67557942dea4facebec0fee4b"

[[package]]
name = "utf-8"
version = "0.7.6"
source = "registry+https://github.com/rust-lang/crates.io-index"
checksum = "09cc8ee72d2a9becf2f2febe0205bbed8fc6615b7cb429ad062dc7b7ddd036a9"

[[package]]
name = "utf8parse"
version = "0.2.2"
source = "registry+https://github.com/rust-lang/crates.io-index"
checksum = "06abde3611657adf66d383f00b093d7faecc7fa57071cce2578660c9f1010821"

[[package]]
name = "wasi"
version = "0.11.0+wasi-snapshot-preview1"
source = "registry+https://github.com/rust-lang/crates.io-index"
checksum = "9c8d87e72b64a3b4db28d11ce29237c246188f4f51057d65a7eab63b7987e423"

[[package]]
name = "windows-link"
version = "0.2.1"
source = "registry+https://github.com/rust-lang/crates.io-index"
checksum = "f0805222e57f7521d6a62e36fa9163bc891acd422f971defe97d64e70d0a4fe5"

[[package]]
name = "windows-sys"
version = "0.61.2"
source = "registry+https://github.com/rust-lang/crates.io-index"
checksum = "ae137229bcbd6cdf0f7b80a31df61766145077ddf49416a728b02cb3921ff3fc"
dependencies = [
 "windows-link",
]

[[package]]
name = "windows-targets"
version = "0.48.5"
source = "registry+https://github.com/rust-lang/crates.io-index"
checksum = "9a2fa6e2155d7247be68c096456083145c183cbbbc2764150dda45a87197940c"
dependencies = [
 "windows_aarch64_gnullvm",
 "windows_aarch64_msvc",
 "windows_i686_gnu",
 "windows_i686_msvc",
 "windows_x86_64_gnu",
 "windows_x86_64_gnullvm",
 "windows_x86_64_msvc",
]

[[package]]
name = "windows_aarch64_gnullvm"
version = "0.48.5"
source = "registry+https://github.com/rust-lang/crates.io-index"
checksum = "2b38e32f0abccf9987a4e3079dfb67dcd799fb61361e53e2882c3cbaf0d905d8"

[[package]]
name = "windows_aarch64_msvc"
version = "0.48.5"
source = "registry+https://github.com/rust-lang/crates.io-index"
checksum = "dc35310971f3b2dbbf3f0690a219f40e2d9afcf64f9ab7cc1be722937c26b4bc"

[[package]]
name = "windows_i686_gnu"
version = "0.48.5"
source = "registry+https://github.com/rust-lang/crates.io-index"
checksum = "a75915e7def60c94dcef72200b9a8e58e5091744960da64ec734a6c6e9b3743e"

[[package]]
name = "windows_i686_msvc"
version = "0.48.5"
source = "registry+https://github.com/rust-lang/crates.io-index"
checksum = "8f55c233f70c4b27f66c523580f78f1004e8b5a8b659e05a4eb49d4166cca406"

[[package]]
name = "windows_x86_64_gnu"
version = "0.48.5"
source = "registry+https://github.com/rust-lang/crates.io-index"
checksum = "53d40abd2583d23e4718fddf1ebec84dbff8381c07cae67ff7768bbf19c6718e"

[[package]]
name = "windows_x86_64_gnullvm"
version = "0.48.5"
source = "registry+https://github.com/rust-lang/crates.io-index"
checksum = "0b7b52767868a23d5bab768e390dc5f5c55825b6d30b86c844ff2dc7414044cc"

[[package]]
name = "windows_x86_64_msvc"
version = "0.48.5"
source = "registry+https://github.com/rust-lang/crates.io-index"
checksum = "ed94fce61571a4006852b7389a063ab983c02eb1bb37b47f8272ce92d06d9538"

[[package]]
name = "xdg"
version = "3.0.0"
source = "registry+https://github.com/rust-lang/crates.io-index"
checksum = "2fb433233f2df9344722454bc7e96465c9d03bff9d77c248f9e7523fe79585b5"
